
Microsoft Visual Studio Solution File, Format Version 12.00
# Visual Studio 15
Project("{FAE04EC0-301F-11D3-BF4B-00C04F79EFBC}") = "SwinAdventureTests", "SwinAdventureTests.csproj", "{C581A958-B8E7-4776-974E-961665138F50}"
EndProject
Global
	GlobalSection(SolutionConfigurationPlatforms) = preSolution
		Debug|Any CPU = Debug|Any CPU
		Release|Any CPU = Release|Any CPU
	EndGlobalSection
	GlobalSection(ProjectConfigurationPlatforms) = postSolution
		{C581A958-B8E7-4776-974E-961665138F50}.Debug|Any CPU.ActiveCfg = Debug|Any CPU
		{C581A958-B8E7-4776-974E-961665138F50}.Debug|Any CPU.Build.0 = Debug|Any CPU
		{C581A958-B8E7-4776-974E-961665138F50}.Release|Any CPU.ActiveCfg = Release|Any CPU
		{C581A958-B8E7-4776-974E-961665138F50}.Release|Any CPU.Build.0 = Release|Any CPU
	EndGlobalSection
EndGlobal
